{
  "requires": true,
  "lockfileVersion": 1,
  "dependencies": {
    "immer": {
      "version": "7.0.4",
      "resolved": "https://registry.npmjs.org/immer/-/immer-7.0.4.tgz",
      "integrity": "sha512-HSBBQVdsJp6Bce6ggxwZiqWwPWMHvPCn3ZHzVgKZOAx7Ikr7U8s4x+Wgr5y5xyn3ZggWJYeWGnOEP3Z4g+r7RQ=="
    }
  }
}
